// !$*UTF8*$!
{
	archiveVersion = 1;
	classes = {
	};
	objectVersion = 50;
	objects = {

/* Begin PBXBuildFile section */
		4536812D21CC3652005C0077 /* GradientView.swift in Sources */ = {isa = PBXBuildFile; fileRef = 4536812C21CC3652005C0077 /* GradientView.swift */; };
		4548374E21CBF9A400F23214 /* AppDelegate.swift in Sources */ = {isa = PBXBuildFile; fileRef = 4548374D21CBF9A400F23214 /* AppDelegate.swift */; };
		4548375321CBF9A400F23214 /* Main.storyboard in Resources */ = {isa = PBXBuildFile; fileRef = 4548375121CBF9A400F23214 /* Main.storyboard */; };
		4548375621CBF9A400F23214 /* Smack_App.xcdatamodeld in Sources */ = {isa = PBXBuildFile; fileRef = 4548375421CBF9A400F23214 /* Smack_App.xcdatamodeld */; };
		4548375821CBF9A400F23214 /* Assets.xcassets in Resources */ = {isa = PBXBuildFile; fileRef = 4548375721CBF9A400F23214 /* Assets.xcassets */; };
		4548375B21CBF9A400F23214 /* LaunchScreen.storyboard in Resources */ = {isa = PBXBuildFile; fileRef = 4548375921CBF9A400F23214 /* LaunchScreen.storyboard */; };
		4574688421CCE1D500351A35 /* Constants.swift in Sources */ = {isa = PBXBuildFile; fileRef = 4574688321CCE1D500351A35 /* Constants.swift */; };
		4574688621CCE5BE00351A35 /* LoginVC.swift in Sources */ = {isa = PBXBuildFile; fileRef = 4574688521CCE5BE00351A35 /* LoginVC.swift */; };
		45F357BF21CBFE6000A407E6 /* SWRevealViewController.m in Sources */ = {isa = PBXBuildFile; fileRef = 45F357BE21CBFE6000A407E6 /* SWRevealViewController.m */; };
		45F357C421CC015C00A407E6 /* ChatVC.swift in Sources */ = {isa = PBXBuildFile; fileRef = 45F357C321CC015C00A407E6 /* ChatVC.swift */; };
		45F357C621CC016E00A407E6 /* ChannelVC.swift in Sources */ = {isa = PBXBuildFile; fileRef = 45F357C521CC016E00A407E6 /* ChannelVC.swift */; };
		B6C4EB01E2A1E2BC65D291F7 /* Pods_Smack_App.framework in Frameworks */ = {isa = PBXBuildFile; fileRef = 42B19EB2B612457B23CB3908 /* Pods_Smack_App.framework */; };
/* End PBXBuildFile section */

/* Begin PBXFileReference section */
		2320E5DEF5F3E866E2A0DE26 /* Pods-Smack-App.release.xcconfig */ = {isa = PBXFileReference; includeInIndex = 1; lastKnownFileType = text.xcconfig; name = "Pods-Smack-App.release.xcconfig"; path = "Pods/Target Support Files/Pods-Smack-App/Pods-Smack-App.release.xcconfig"; sourceTree = "<group>"; };
		42B19EB2B612457B23CB3908 /* Pods_Smack_App.framework */ = {isa = PBXFileReference; explicitFileType = wrapper.framework; includeInIndex = 0; path = Pods_Smack_App.framework; sourceTree = BUILT_PRODUCTS_DIR; };
		4536812C21CC3652005C0077 /* GradientView.swift */ = {isa = PBXFileReference; lastKnownFileType = sourcecode.swift; path = GradientView.swift; sourceTree = "<group>"; };
		4548374A21CBF9A400F23214 /* Smack-App.app */ = {isa = PBXFileReference; explicitFileType = wrapper.application; includeInIndex = 0; path = "Smack-App.app"; sourceTree = BUILT_PRODUCTS_DIR; };
		4548374D21CBF9A400F23214 /* AppDelegate.swift */ = {isa = PBXFileReference; lastKnownFileType = sourcecode.swift; path = AppDelegate.swift; sourceTree = "<group>"; };
		4548375221CBF9A400F23214 /* Base */ = {isa = PBXFileReference; lastKnownFileType = file.storyboard; name = Base; path = Base.lproj/Main.storyboard; sourceTree = "<group>"; };
		4548375521CBF9A400F23214 /* Smack_App.xcdatamodel */ = {isa = PBXFileReference; lastKnownFileType = wrapper.xcdatamodel; path = Smack_App.xcdatamodel; sourceTree = "<group>"; };
		4548375721CBF9A400F23214 /* Assets.xcassets */ = {isa = PBXFileReference; lastKnownFileType = folder.assetcatalog; path = Assets.xcassets; sourceTree = "<group>"; };
		4548375A21CBF9A400F23214 /* Base */ = {isa = PBXFileReference; lastKnownFileType = file.storyboard; name = Base; path = Base.lproj/LaunchScreen.storyboard; sourceTree = "<group>"; };
		4548375C21CBF9A400F23214 /* Info.plist */ = {isa = PBXFileReference; lastKnownFileType = text.plist.xml; path = Info.plist; sourceTree = "<group>"; };
		4574688321CCE1D500351A35 /* Constants.swift */ = {isa = PBXFileReference; lastKnownFileType = sourcecode.swift; path = Constants.swift; sourceTree = "<group>"; };
		4574688521CCE5BE00351A35 /* LoginVC.swift */ = {isa = PBXFileReference; lastKnownFileType = sourcecode.swift; path = LoginVC.swift; sourceTree = "<group>"; };
		45F357BC21CBFE5F00A407E6 /* Smack-App-Bridging-Header.h */ = {isa = PBXFileReference; lastKnownFileType = sourcecode.c.h; path = "Smack-App-Bridging-Header.h"; sourceTree = "<group>"; };
		45F357BD21CBFE6000A407E6 /* SWRevealViewController.h */ = {isa = PBXFileReference; fileEncoding = 4; lastKnownFileType = sourcecode.c.h; path = SWRevealViewController.h; sourceTree = "<group>"; };
		45F357BE21CBFE6000A407E6 /* SWRevealViewController.m */ = {isa = PBXFileReference; fileEncoding = 4; lastKnownFileType = sourcecode.c.objc; path = SWRevealViewController.m; sourceTree = "<group>"; };
		45F357C321CC015C00A407E6 /* ChatVC.swift */ = {isa = PBXFileReference; lastKnownFileType = sourcecode.swift; path = ChatVC.swift; sourceTree = "<group>"; };
		45F357C521CC016E00A407E6 /* ChannelVC.swift */ = {isa = PBXFileReference; lastKnownFileType = sourcecode.swift; path = ChannelVC.swift; sourceTree = "<group>"; };
		FD8EDC39BB795DD82F6A3510 /* Pods-Smack-App.debug.xcconfig */ = {isa = PBXFileReference; includeInIndex = 1; lastKnownFileType = text.xcconfig; name = "Pods-Smack-App.debug.xcconfig"; path = "Pods/Target Support Files/Pods-Smack-App/Pods-Smack-App.debug.xcconfig"; sourceTree = "<group>"; };
/* End PBXFileReference section */

/* Begin PBXFrameworksBuildPhase section */
		4548374721CBF9A400F23214 /* Frameworks */ = {
			isa = PBXFrameworksBuildPhase;
			buildActionMask = 2147483647;
			files = (
				B6C4EB01E2A1E2BC65D291F7 /* Pods_Smack_App.framework in Frameworks */,
			);
			runOnlyForDeploymentPostprocessing = 0;
		};
/* End PBXFrameworksBuildPhase section */

/* Begin PBXGroup section */
		0AC77E5CF588B4BBE57EE73E /* Frameworks */ = {
			isa = PBXGroup;
			children = (
				42B19EB2B612457B23CB3908 /* Pods_Smack_App.framework */,
			);
			name = Frameworks;
			sourceTree = "<group>";
		};
		4548374121CBF9A400F23214 = {
			isa = PBXGroup;
			children = (
				4548374C21CBF9A400F23214 /* Smack-App */,
				4548374B21CBF9A400F23214 /* Products */,
				BE93D5A3E6B6CF1B1ACC2987 /* Pods */,
				0AC77E5CF588B4BBE57EE73E /* Frameworks */,
			);
			sourceTree = "<group>";
		};
		4548374B21CBF9A400F23214 /* Products */ = {
			isa = PBXGroup;
			children = (
				4548374A21CBF9A400F23214 /* Smack-App.app */,
			);
			name = Products;
			sourceTree = "<group>";
		};
		4548374C21CBF9A400F23214 /* Smack-App */ = {
			isa = PBXGroup;
			children = (
				4574688221CCE1C500351A35 /* Utilities */,
				45F357C221CC013900A407E6 /* View */,
				45F357C121CC013400A407E6 /* Controller */,
				45F357C021CC013000A407E6 /* Model */,
				45F357BB21CBFE4400A407E6 /* Supporting Files */,
				4548374D21CBF9A400F23214 /* AppDelegate.swift */,
				4548375121CBF9A400F23214 /* Main.storyboard */,
				4548375721CBF9A400F23214 /* Assets.xcassets */,
				4548375921CBF9A400F23214 /* LaunchScreen.storyboard */,
				4548375C21CBF9A400F23214 /* Info.plist */,
				4548375421CBF9A400F23214 /* Smack_App.xcdatamodeld */,
			);
			path = "Smack-App";
			sourceTree = "<group>";
		};
		4574688221CCE1C500351A35 /* Utilities */ = {
			isa = PBXGroup;
			children = (
				4574688321CCE1D500351A35 /* Constants.swift */,
			);
			path = Utilities;
			sourceTree = "<group>";
		};
		45F357BB21CBFE4400A407E6 /* Supporting Files */ = {
			isa = PBXGroup;
			children = (
				45F357BD21CBFE6000A407E6 /* SWRevealViewController.h */,
				45F357BE21CBFE6000A407E6 /* SWRevealViewController.m */,
				45F357BC21CBFE5F00A407E6 /* Smack-App-Bridging-Header.h */,
			);
			path = "Supporting Files";
			sourceTree = "<group>";
		};
		45F357C021CC013000A407E6 /* Model */ = {
			isa = PBXGroup;
			children = (
			);
			path = Model;
			sourceTree = "<group>";
		};
		45F357C121CC013400A407E6 /* Controller */ = {
			isa = PBXGroup;
			children = (
				45F357C321CC015C00A407E6 /* ChatVC.swift */,
				45F357C521CC016E00A407E6 /* ChannelVC.swift */,
				4574688521CCE5BE00351A35 /* LoginVC.swift */,
			);
			path = Controller;
			sourceTree = "<group>";
		};
		45F357C221CC013900A407E6 /* View */ = {
			isa = PBXGroup;
			children = (
				4536812C21CC3652005C0077 /* GradientView.swift */,
			);
			path = View;
			sourceTree = "<group>";
		};
		BE93D5A3E6B6CF1B1ACC2987 /* Pods */ = {
			isa = PBXGroup;
			children = (
				FD8EDC39BB795DD82F6A3510 /* Pods-Smack-App.debug.xcconfig */,
				2320E5DEF5F3E866E2A0DE26 /* Pods-Smack-App.release.xcconfig */,
			);
			name = Pods;
			sourceTree = "<group>";
		};
/* End PBXGroup section */

/* Begin PBXNativeTarget section */
		4548374921CBF9A400F23214 /* Smack-App */ = {
			isa = PBXNativeTarget;
			buildConfigurationList = 4548375F21CBF9A400F23214 /* Build configuration list for PBXNativeTarget "Smack-App" */;
			buildPhases = (
				0FFBD1FAC7C720A5611EB40D /* [CP] Check Pods Manifest.lock */,
				4548374621CBF9A400F23214 /* Sources */,
				4548374721CBF9A400F23214 /* Frameworks */,
				4548374821CBF9A400F23214 /* Resources */,
				68A271BB4AAA68BC7CD6CDE9 /* [CP] Embed Pods Frameworks */,
			);
			buildRules = (
			);
			dependencies = (
			);
			name = "Smack-App";
			productName = "Smack-App";
			productReference = 4548374A21CBF9A400F23214 /* Smack-App.app */;
			productType = "com.apple.product-type.application";
		};
/* End PBXNativeTarget section */

/* Begin PBXProject section */
		4548374221CBF9A400F23214 /* Project object */ = {
			isa = PBXProject;
			attributes = {
				LastSwiftUpdateCheck = 1010;
				LastUpgradeCheck = 1010;
				ORGANIZATIONNAME = "Andreas Schultz";
				TargetAttributes = {
					4548374921CBF9A400F23214 = {
						CreatedOnToolsVersion = 10.1;
						LastSwiftMigration = 1010;
					};
				};
			};
			buildConfigurationList = 4548374521CBF9A400F23214 /* Build configuration list for PBXProject "Smack-App" */;
			compatibilityVersion = "Xcode 9.3";
			developmentRegion = en;
			hasScannedForEncodings = 0;
			knownRegions = (
				en,
				Base,
			);
			mainGroup = 4548374121CBF9A400F23214;
			productRefGroup = 4548374B21CBF9A400F23214 /* Products */;
			projectDirPath = "";
			projectRoot = "";
			targets = (
				4548374921CBF9A400F23214 /* Smack-App */,
			);
		};
/* End PBXProject section */

/* Begin PBXResourcesBuildPhase section */
		4548374821CBF9A400F23214 /* Resources */ = {
			isa = PBXResourcesBuildPhase;
			buildActionMask = 2147483647;
			files = (
				4548375B21CBF9A400F23214 /* LaunchScreen.storyboard in Resources */,
				4548375821CBF9A400F23214 /* Assets.xcassets in Resources */,
				4548375321CBF9A400F23214 /* Main.storyboard in Resources */,
			);
			runOnlyForDeploymentPostprocessing = 0;
		};
/* End PBXResourcesBuildPhase section */

/* Begin PBXShellScriptBuildPhase section */
		0FFBD1FAC7C720A5611EB40D /* [CP] Check Pods Manifest.lock */ = {
			isa = PBXShellScriptBuildPhase;
			buildActionMask = 2147483647;
			files = (
			);
			inputPaths = (
				"${PODS_PODFILE_DIR_PATH}/Podfile.lock",
				"${PODS_ROOT}/Manifest.lock",
			);
			name = "[CP] Check Pods Manifest.lock";
			outputPaths = (
				"$(DERIVED_FILE_DIR)/Pods-Smack-App-checkManifestLockResult.txt",
			);
			runOnlyForDeploymentPostprocessing = 0;
			shellPath = /bin/sh;
			shellScript = "diff \"${PODS_PODFILE_DIR_PATH}/Podfile.lock\" \"${PODS_ROOT}/Manifest.lock\" > /dev/null\nif [ $? != 0 ] ; then\n    # print error to STDERR\n    echo \"error: The sandbox is not in sync with the Podfile.lock. Run 'pod install' or update your CocoaPods installation.\" >&2\n    exit 1\nfi\n# This output is used by Xcode 'outputs' to avoid re-running this script phase.\necho \"SUCCESS\" > \"${SCRIPT_OUTPUT_FILE_0}\"\n";
			showEnvVarsInLog = 0;
		};
		68A271BB4AAA68BC7CD6CDE9 /* [CP] Embed Pods Frameworks */ = {
			isa = PBXShellScriptBuildPhase;
			buildActionMask = 2147483647;
			files = (
			);
			inputPaths = (
				"${SRCROOT}/Pods/Target Support Files/Pods-Smack-App/Pods-Smack-App-frameworks.sh",
				"${BUILT_PRODUCTS_DIR}/Alamofire/Alamofire.framework",
				"${BUILT_PRODUCTS_DIR}/Socket.IO-Client-Swift/SocketIO.framework",
				"${BUILT_PRODUCTS_DIR}/Starscream/Starscream.framework",
				"${BUILT_PRODUCTS_DIR}/SwiftyJSON/SwiftyJSON.framework",
			);
			name = "[CP] Embed Pods Frameworks";
			outputPaths = (
				"${TARGET_BUILD_DIR}/${FRAMEWORKS_FOLDER_PATH}/Alamofire.framework",
				"${TARGET_BUILD_DIR}/${FRAMEWORKS_FOLDER_PATH}/SocketIO.framework",
				"${TARGET_BUILD_DIR}/${FRAMEWORKS_FOLDER_PATH}/Starscream.framework",
				"${TARGET_BUILD_DIR}/${FRAMEWORKS_FOLDER_PATH}/SwiftyJSON.framework",
			);
			runOnlyForDeploymentPostprocessing = 0;
			shellPath = /bin/sh;
			shellScript = "\"${SRCROOT}/Pods/Target Support Files/Pods-Smack-App/Pods-Smack-App-frameworks.sh\"\n";
			showEnvVarsInLog = 0;
		};
/* End PBXShellScriptBuildPhase section */

/* Begin PBXSourcesBuildPhase section */
		4548374621CBF9A400F23214 /* Sources */ = {
			isa = PBXSourcesBuildPhase;
			buildActionMask = 2147483647;
			files = (
				45F357C421CC015C00A407E6 /* ChatVC.swift in Sources */,
				4548375621CBF9A400F23214 /* Smack_App.xcdatamodeld in Sources */,
				4574688621CCE5BE00351A35 /* LoginVC.swift in Sources */,
				4536812D21CC3652005C0077 /* GradientView.swift in Sources */,
				4548374E21CBF9A400F23214 /* AppDelegate.swift in Sources */,
				4574688421CCE1D500351A35 /* Constants.swift in Sources */,
				45F357BF21CBFE6000A407E6 /* SWRevealViewController.m in Sources */,
				45F357C621CC016E00A407E6 /* ChannelVC.swift in Sources */,
			);
			runOnlyForDeploymentPostprocessing = 0;
		};
/* End PBXSourcesBuildPhase section */

/* Begin PBXVariantGroup section */
		4548375121CBF9A400F23214 /* Main.storyboard */ = {
			isa = PBXVariantGroup;
			children = (
				4548375221CBF9A400F23214 /* Base */,
			);
			name = Main.storyboard;
			sourceTree = "<group>";
		};
		4548375921CBF9A400F23214 /* LaunchScreen.storyboard */ = {
			isa = PBXVariantGroup;
			children = (
				4548375A21CBF9A400F23214 /* Base */,
			);
			name = LaunchScreen.storyboard;
			sourceTree = "<group>";
		};
/* End PBXVariantGroup section */

/* Begin XCBuildConfiguration section */
		4548375D21CBF9A400F23214 /* Debug */ = {
			isa = XCBuildConfiguration;
			buildSettings = {
				ALWAYS_SEARCH_USER_PATHS = NO;
				CLANG_ANALYZER_NONNULL = YES;
				CLANG_ANALYZER_NUMBER_OBJECT_CONVERSION = YES_AGGRESSIVE;
				CLANG_CXX_LANGUAGE_STANDARD = "gnu++14";
				CLANG_CXX_LIBRARY = "libc++";
				CLANG_ENABLE_MODULES = YES;
				CLANG_ENABLE_OBJC_ARC = YES;
				CLANG_ENABLE_OBJC_WEAK = YES;
				CLANG_WARN_BLOCK_CAPTURE_AUTORELEASING = YES;
				CLANG_WARN_BOOL_CONVERSION = YES;
				CLANG_WARN_COMMA = YES;
				CLANG_WARN_CONSTANT_CONVERSION = YES;
				CLANG_WARN_DEPRECATED_OBJC_IMPLEMENTATIONS = YES;
				CLANG_WARN_DIRECT_OBJC_ISA_USAGE = YES_ERROR;
				CLANG_WARN_DOCUMENTATION_COMMENTS = YES;
				CLANG_WARN_EMPTY_BODY = YES;
				CLANG_WARN_ENUM_CONVERSION = YES;
				CLANG_WARN_INFINITE_RECURSION = YES;
				CLANG_WARN_INT_CONVERSION = YES;
				CLANG_WARN_NON_LITERAL_NULL_CONVERSION = YES;
				CLANG_WARN_OBJC_IMPLICIT_RETAIN_SELF = YES;
				CLANG_WARN_OBJC_LITERAL_CONVERSION = YES;
				CLANG_WARN_OBJC_ROOT_CLASS = YES_ERROR;
				CLANG_WARN_RANGE_LOOP_ANALYSIS = YES;
				CLANG_WARN_STRICT_PROTOTYPES = YES;
				CLANG_WARN_SUSPICIOUS_MOVE = YES;
				CLANG_WARN_UNGUARDED_AVAILABILITY = YES_AGGRESSIVE;
				CLANG_WARN_UNREACHABLE_CODE = YES;
				CLANG_WARN__DUPLICATE_METHOD_MATCH = YES;
				CODE_SIGN_IDENTITY = "iPhone Developer";
				COPY_PHASE_STRIP = NO;
				DEBUG_INFORMATION_FORMAT = dwarf;
				ENABLE_STRICT_OBJC_MSGSEND = YES;
				ENABLE_TESTABILITY = YES;
				GCC_C_LANGUAGE_STANDARD = gnu11;
				GCC_DYNAMIC_NO_PIC = NO;
				GCC_NO_COMMON_BLOCKS = YES;
				GCC_OPTIMIZATION_LEVEL = 0;
				GCC_PREPROCESSOR_DEFINITIONS = (
					"DEBUG=1",
					"$(inherited)",
				);
				GCC_WARN_64_TO_32_BIT_CONVERSION = YES;
				GCC_WARN_ABOUT_RETURN_TYPE = YES_ERROR;
				GCC_WARN_UNDECLARED_SELECTOR = YES;
				GCC_WARN_UNINITIALIZED_AUTOS = YES_AGGRESSIVE;
				GCC_WARN_UNUSED_FUNCTION = YES;
				GCC_WARN_UNUSED_VARIABLE = YES;
				IPHONEOS_DEPLOYMENT_TARGET = 12.1;
				MTL_ENABLE_DEBUG_INFO = INCLUDE_SOURCE;
				MTL_FAST_MATH = YES;
				ONLY_ACTIVE_ARCH = YES;
				SDKROOT = iphoneos;
				SWIFT_ACTIVE_COMPILATION_CONDITIONS = DEBUG;
				SWIFT_OPTIMIZATION_LEVEL = "-Onone";
			};
			name = Debug;
		};
		4548375E21CBF9A400F23214 /* Release */ = {
			isa = XCBuildConfiguration;
			buildSettings = {
				ALWAYS_SEARCH_USER_PATHS = NO;
				CLANG_ANALYZER_NONNULL = YES;
				CLANG_ANALYZER_NUMBER_OBJECT_CONVERSION = YES_AGGRESSIVE;
				CLANG_CXX_LANGUAGE_STANDARD = "gnu++14";
				CLANG_CXX_LIBRARY = "libc++";
				CLANG_ENABLE_MODULES = YES;
				CLANG_ENABLE_OBJC_ARC = YES;
				CLANG_ENABLE_OBJC_WEAK = YES;
				CLANG_WARN_BLOCK_CAPTURE_AUTORELEASING = YES;
				CLANG_WARN_BOOL_CONVERSION = YES;
				CLANG_WARN_COMMA = YES;
				CLANG_WARN_CONSTANT_CONVERSION = YES;
				CLANG_WARN_DEPRECATED_OBJC_IMPLEMENTATIONS = YES;
				CLANG_WARN_DIRECT_OBJC_ISA_USAGE = YES_ERROR;
				CLANG_WARN_DOCUMENTATION_COMMENTS = YES;
				CLANG_WARN_EMPTY_BODY = YES;
				CLANG_WARN_ENUM_CONVERSION = YES;
				CLANG_WARN_INFINITE_RECURSION = YES;
				CLANG_WARN_INT_CONVERSION = YES;
				CLANG_WARN_NON_LITERAL_NULL_CONVERSION = YES;
				CLANG_WARN_OBJC_IMPLICIT_RETAIN_SELF = YES;
				CLANG_WARN_OBJC_LITERAL_CONVERSION = YES;
				CLANG_WARN_OBJC_ROOT_CLASS = YES_ERROR;
				CLANG_WARN_RANGE_LOOP_ANALYSIS = YES;
				CLANG_WARN_STRICT_PROTOTYPES = YES;
				CLANG_WARN_SUSPICIOUS_MOVE = YES;
				CLANG_WARN_UNGUARDED_AVAILABILITY = YES_AGGRESSIVE;
				CLANG_WARN_UNREACHABLE_CODE = YES;
				CLANG_WARN__DUPLICATE_METHOD_MATCH = YES;
				CODE_SIGN_IDENTITY = "iPhone Developer";
				COPY_PHASE_STRIP = NO;
				DEBUG_INFORMATION_FORMAT = "dwarf-with-dsym";
				ENABLE_NS_ASSERTIONS = NO;
				ENABLE_STRICT_OBJC_MSGSEND = YES;
				GCC_C_LANGUAGE_STANDARD = gnu11;
				GCC_NO_COMMON_BLOCKS = YES;
				GCC_WARN_64_TO_32_BIT_CONVERSION = YES;
				GCC_WARN_ABOUT_RETURN_TYPE = YES_ERROR;
				GCC_WARN_UNDECLARED_SELECTOR = YES;
				GCC_WARN_UNINITIALIZED_AUTOS = YES_AGGRESSIVE;
				GCC_WARN_UNUSED_FUNCTION = YES;
				GCC_WARN_UNUSED_VARIABLE = YES;
				IPHONEOS_DEPLOYMENT_TARGET = 12.1;
				MTL_ENABLE_DEBUG_INFO = NO;
				MTL_FAST_MATH = YES;
				SDKROOT = iphoneos;
				SWIFT_COMPILATION_MODE = wholemodule;
				SWIFT_OPTIMIZATION_LEVEL = "-O";
				VALIDATE_PRODUCT = YES;
			};
			name = Release;
		};
		4548376021CBF9A400F23214 /* Debug */ = {
			isa = XCBuildConfiguration;
			baseConfigurationReference = FD8EDC39BB795DD82F6A3510 /* Pods-Smack-App.debug.xcconfig */;
			buildSettings = {
				ASSETCATALOG_COMPILER_APPICON_NAME = AppIcon;
				CLANG_ENABLE_MODULES = YES;
				CODE_SIGN_STYLE = Automatic;
				DEVELOPMENT_TEAM = Q5Q99Q7248;
				INFOPLIST_FILE = "Smack-App/Info.plist";
				LD_RUNPATH_SEARCH_PATHS = (
					"$(inherited)",
					"@executable_path/Frameworks",
				);
				PRODUCT_BUNDLE_IDENTIFIER = "AS.Smack-App";
				PRODUCT_NAME = "$(TARGET_NAME)";
				SWIFT_OBJC_BRIDGING_HEADER = "Smack-App/Supporting Files/Smack-App-Bridging-Header.h";
				SWIFT_OPTIMIZATION_LEVEL = "-Onone";
				SWIFT_VERSION = 4.2;
				TARGETED_DEVICE_FAMILY = "1,2";
			};
			name = Debug;
		};
		4548376121CBF9A400F23214 /* Release */ = {
			isa = XCBuildConfiguration;
			baseConfigurationReference = 2320E5DEF5F3E866E2A0DE26 /* Pods-Smack-App.release.xcconfig */;
			buildSettings = {
				ASSETCATALOG_COMPILER_APPICON_NAME = AppIcon;
				CLANG_ENABLE_MODULES = YES;
				CODE_SIGN_STYLE = Automatic;
				DEVELOPMENT_TEAM = Q5Q99Q7248;
				INFOPLIST_FILE = "Smack-App/Info.plist";
				LD_RUNPATH_SEARCH_PATHS = (
					"$(inherited)",
					"@executable_path/Frameworks",
				);
				PRODUCT_BUNDLE_IDENTIFIER = "AS.Smack-App";
				PRODUCT_NAME = "$(TARGET_NAME)";
				SWIFT_OBJC_BRIDGING_HEADER = "Smack-App/Supporting Files/Smack-App-Bridging-Header.h";
				SWIFT_VERSION = 4.2;
				TARGETED_DEVICE_FAMILY = "1,2";
			};
			name = Release;
		};
/* End XCBuildConfiguration section */

/* Begin XCConfigurationList section */
		4548374521CBF9A400F23214 /* Build configuration list for PBXProject "Smack-App" */ = {
			isa = XCConfigurationList;
			buildConfigurations = (
				4548375D21CBF9A400F23214 /* Debug */,
				4548375E21CBF9A400F23214 /* Release */,
			);
			defaultConfigurationIsVisible = 0;
			defaultConfigurationName = Release;
		};
		4548375F21CBF9A400F23214 /* Build configuration list for PBXNativeTarget "Smack-App" */ = {
			isa = XCConfigurationList;
			buildConfigurations = (
				4548376021CBF9A400F23214 /* Debug */,
				4548376121CBF9A400F23214 /* Release */,
			);
			defaultConfigurationIsVisible = 0;
			defaultConfigurationName = Release;
		};
/* End XCConfigurationList section */

/* Begin XCVersionGroup section */
		4548375421CBF9A400F23214 /* Smack_App.xcdatamodeld */ = {
			isa = XCVersionGroup;
			children = (
				4548375521CBF9A400F23214 /* Smack_App.xcdatamodel */,
			);
			currentVersion = 4548375521CBF9A400F23214 /* Smack_App.xcdatamodel */;
			path = Smack_App.xcdatamodeld;
			sourceTree = "<group>";
			versionGroupType = wrapper.xcdatamodel;
		};
/* End XCVersionGroup section */
	};
	rootObject = 4548374221CBF9A400F23214 /* Project object */;
}
